
Microsoft Visual Studio Solution File, Format Version 12.00
# Visual Studio Version 17
VisualStudioVersion = 17.6.33829.357
MinimumVisualStudioVersion = 10.0.40219.1
Project("{8BC9CEB8-8B4A-11D0-8D11-00A0C91BC942}") = "cYSP", "cYSP\cYSP.vcxproj", "{3F12CDB0-5CC4-4459-8934-D84D4748E5D3}"
EndProject
Global
	GlobalSection(SolutionConfigurationPlatforms) = preSolution
		Debug|x64 = Debug|x64
		DllDebug|x64 = DllDebug|x64
		DllRelease|x64 = DllRelease|x64
		Release|x64 = Release|x64
	EndGlobalSection
	GlobalSection(ProjectConfigurationPlatforms) = postSolution
		{3F12CDB0-5CC4-4459-8934-D84D4748E5D3}.Debug|x64.ActiveCfg = Debug|x64
		{3F12CDB0-5CC4-4459-8934-D84D4748E5D3}.Debug|x64.Build.0 = Debug|x64
		{3F12CDB0-5CC4-4459-8934-D84D4748E5D3}.DllDebug|x64.ActiveCfg = DllDebug|x64
		{3F12CDB0-5CC4-4459-8934-D84D4748E5D3}.DllDebug|x64.Build.0 = DllDebug|x64
		{3F12CDB0-5CC4-4459-8934-D84D4748E5D3}.DllRelease|x64.ActiveCfg = DllRelease|x64
		{3F12CDB0-5CC4-4459-8934-D84D4748E5D3}.DllRelease|x64.Build.0 = DllRelease|x64
		{3F12CDB0-5CC4-4459-8934-D84D4748E5D3}.Release|x64.ActiveCfg = Release|x64
		{3F12CDB0-5CC4-4459-8934-D84D4748E5D3}.Release|x64.Build.0 = Release|x64
	EndGlobalSection
	GlobalSection(SolutionProperties) = preSolution
		HideSolutionNode = FALSE
	EndGlobalSection
	GlobalSection(ExtensibilityGlobals) = postSolution
		SolutionGuid = {462C0DBF-DBC7-4447-A048-FE79E4C22721}
	EndGlobalSection
EndGlobal
