<?xml version="1.0" encoding="utf-8"?>
<Project ToolsVersion="4.0" xmlns="http://schemas.microsoft.com/developer/msbuild/2003">
  <ItemGroup>
    <Filter Include="Source Files">
      <UniqueIdentifier>{4FC737F1-C7A5-4376-A066-2A32D752A2FF}</UniqueIdentifier>
      <Extensions>qml;cpp;c;cc;cxx;def;odl;idl;hpj;bat;asm;asmx</Extensions>
    </Filter>
    <Filter Include="Header Files">
      <UniqueIdentifier>{93995380-89BD-4b04-88EB-625FBE52EBFB}</UniqueIdentifier>
      <Extensions>h;hh;hpp;hxx;hm;inl;inc;xsd</Extensions>
    </Filter>
    <Filter Include="Resource Files">
      <UniqueIdentifier>{67DA6AB6-F800-4c08-8B7A-83BB121AAD01}</UniqueIdentifier>
      <Extensions>qrc;rc;ico;cur;bmp;dlg;rc2;rct;bin;rgs;gif;jpg;jpeg;jpe;resx;tiff;tif;png;wav;mfcribbon-ms</Extensions>
    </Filter>
    <Filter Include="Form Files">
      <UniqueIdentifier>{99349809-55BA-4b9d-BF79-8FDBB0286EB3}</UniqueIdentifier>
      <Extensions>ui</Extensions>
    </Filter>
    <Filter Include="Translation Files">
      <UniqueIdentifier>{639EADAA-A684-42e4-A9AD-28FC9BCB8F7C}</UniqueIdentifier>
      <Extensions>ts</Extensions>
    </Filter>
  </ItemGroup>
  <ItemGroup>
    <ClCompile Include="global_value.cpp">
      <Filter>Source Files</Filter>
    </ClCompile>
    <ClCompile Include="langcontrol.cpp">
      <Filter>Source Files</Filter>
    </ClCompile>
    <ClCompile Include="loadsettings.cpp">
      <Filter>Source Files</Filter>
    </ClCompile>
    <ClCompile Include="main.cpp">
      <Filter>Source Files</Filter>
    </ClCompile>
    <ClCompile Include="Aaspcommand\aaspcommand.cpp">
      <Filter>Source Files</Filter>
    </ClCompile>
    <ClCompile Include="Aaspcommand\SPOLDevFunc.cpp">
      <Filter>Source Files</Filter>
    </ClCompile>
    <ClCompile Include="core\core_T.cpp">
      <Filter>Source Files</Filter>
    </ClCompile>
  </ItemGroup>
  <ItemGroup>
    <ClInclude Include="global_value.h">
      <Filter>Header Files</Filter>
    </ClInclude>
    <ClInclude Include="langcontrol.h">
      <Filter>Header Files</Filter>
    </ClInclude>
    <ClInclude Include="loadsettings.h">
      <Filter>Header Files</Filter>
    </ClInclude>
    <ClInclude Include="resource.h">
      <Filter>Header Files</Filter>
    </ClInclude>
    <ClInclude Include="Aaspcommand\SPOLDevFunc.h">
      <Filter>Header Files</Filter>
    </ClInclude>
    <ClInclude Include="Aaspcommand\toSpol.h">
      <Filter>Header Files</Filter>
    </ClInclude>
    <ClInclude Include="Aaspcommand\UICoreLauncher.h">
      <Filter>Header Files</Filter>
    </ClInclude>
    <ClInclude Include="core\core_B.h">
      <Filter>Header Files</Filter>
    </ClInclude>
  </ItemGroup>
  <ItemGroup>
    <None Include="logo.aps" />
  </ItemGroup>
  <ItemGroup>
    <Image Include="logo.ico">
      <Filter>Resource Files</Filter>
    </Image>
  </ItemGroup>
  <ItemGroup>
    <ResourceCompile Include="logo.rc">
      <Filter>Resource Files</Filter>
    </ResourceCompile>
  </ItemGroup>
  <ItemGroup>
    <QtRcc Include="Resource.qrc">
      <Filter>Resource Files</Filter>
    </QtRcc>
  </ItemGroup>
  <ItemGroup>
    <QtMoc Include="Aaspcommand\aaspcommand.h">
      <Filter>Header Files</Filter>
    </QtMoc>
    <QtMoc Include="Aaspcommand\checkupdate.h">
      <Filter>Header Files</Filter>
    </QtMoc>
    <QtMoc Include="Aaspcommand\getSource.h">
      <Filter>Header Files</Filter>
    </QtMoc>
    <QtMoc Include="core\core_T.h">
      <Filter>Header Files</Filter>
    </QtMoc>
    <QtMoc Include="UIFolder\ArtificialUI.h">
      <Filter>Header Files</Filter>
    </QtMoc>
    <QtMoc Include="UIFolder\effect.h">
      <Filter>Header Files</Filter>
    </QtMoc>
    <QtMoc Include="UIFolder\LoadingPage.h">
      <Filter>Header Files</Filter>
    </QtMoc>
    <QtMoc Include="UIFolder\ProgramSettings.h">
      <Filter>Header Files</Filter>
    </QtMoc>
    <QtMoc Include="UIFolder\QtWordGame.h">
      <Filter>Header Files</Filter>
    </QtMoc>
    <QtMoc Include="UIFolder\SPOLDev.h">
      <Filter>Header Files</Filter>
    </QtMoc>
    <QtMoc Include="UIFolder\TopWindow.h">
      <Filter>Header Files</Filter>
    </QtMoc>
    <QtMoc Include="UIFolder\WindowsWarn.h">
      <Filter>Header Files</Filter>
    </QtMoc>
  </ItemGroup>
</Project>