<?xml version="1.0" encoding="utf-8"?>
<Project ToolsVersion="4.0" xmlns="http://schemas.microsoft.com/developer/msbuild/2003">
  <ItemGroup>
    <Filter Include="Source Files">
      <UniqueIdentifier>{4FC737F1-C7A5-4376-A066-2A32D752A2FF}</UniqueIdentifier>
      <Extensions>qml;cpp;c;cc;cxx;def;odl;idl;hpj;bat;asm;asmx</Extensions>
    </Filter>
    <Filter Include="Header Files">
      <UniqueIdentifier>{93995380-89BD-4b04-88EB-625FBE52EBFB}</UniqueIdentifier>
      <Extensions>h;hh;hpp;hxx;hm;inl;inc;xsd</Extensions>
    </Filter>
    <Filter Include="Resource Files">
      <UniqueIdentifier>{67DA6AB6-F800-4c08-8B7A-83BB121AAD01}</UniqueIdentifier>
      <Extensions>qrc;rc;ico;cur;bmp;dlg;rc2;rct;bin;rgs;gif;jpg;jpeg;jpe;resx;tiff;tif;png;wav;mfcribbon-ms</Extensions>
    </Filter>
    <Filter Include="Form Files">
      <UniqueIdentifier>{99349809-55BA-4b9d-BF79-8FDBB0286EB3}</UniqueIdentifier>
      <Extensions>ui</Extensions>
    </Filter>
    <Filter Include="Translation Files">
      <UniqueIdentifier>{639EADAA-A684-42e4-A9AD-28FC9BCB8F7C}</UniqueIdentifier>
      <Extensions>ts</Extensions>
    </Filter>
  </ItemGroup>
  <ItemGroup>
    <ClCompile Include="YSPCoreMain.cpp">
      <Filter>Source Files</Filter>
    </ClCompile>
    <ClCompile Include="YSPCore/cpp/YSPCorePackage.cpp">
      <Filter>Source Files</Filter>
    </ClCompile>
    <ClCompile Include="YSPCore\cpp\YSPProject.cpp">
      <Filter>Source Files</Filter>
    </ClCompile>
    <ClCompile Include="YSPCore\cpp\YSPResouceManager.cpp">
      <Filter>Source Files</Filter>
    </ClCompile>
    <ClCompile Include="YSPCore\cpp\YSPImageResource.cpp">
      <Filter>Source Files</Filter>
    </ClCompile>
    <ClCompile Include="YSPCore\cpp\YSPConvolutionBlur.cpp">
      <Filter>Source Files</Filter>
    </ClCompile>
    <ClCompile Include="YSPCore\cpp\YSPImageFilter.cpp">
      <Filter>Source Files</Filter>
    </ClCompile>
  </ItemGroup>
  <ItemGroup>
    <ClInclude Include="YSPCore/private/YSPCoreCompileMacro.h">
      <Filter>Header Files</Filter>
    </ClInclude>
    <ClInclude Include="YSPCore/YSPCore.h">
      <Filter>Header Files</Filter>
    </ClInclude>
    <ClInclude Include="YSPCore\YSPPlayerThemeManager.h">
      <Filter>Header Files</Filter>
    </ClInclude>
    <ClInclude Include="YSPSPDF\YSPSPDF.h">
      <Filter>Header Files</Filter>
    </ClInclude>
    <ClInclude Include="YSPSPDF\YSPSPDFMacro.h">
      <Filter>Header Files</Filter>
    </ClInclude>
  </ItemGroup>
  <ItemGroup>
    <QtMoc Include="YSPCore/YSPCorePackage.h">
      <Filter>Header Files</Filter>
    </QtMoc>
    <QtMoc Include="YSPCore/YSPCorePackageMeta.h">
      <Filter>Header Files</Filter>
    </QtMoc>
    <QtMoc Include="YSPCore\YSPProject.h">
      <Filter>Header Files</Filter>
    </QtMoc>
    <QtMoc Include="YSPCore\YSPResourceManager.h">
      <Filter>Header Files</Filter>
    </QtMoc>
    <QtMoc Include="YSPCore\YSPRemoteResource.h">
      <Filter>Header Files</Filter>
    </QtMoc>
    <QtMoc Include="YSPCore\ImageFilter\YSPConvolutionBlur.h">
      <Filter>Header Files</Filter>
    </QtMoc>
    <QtMoc Include="YSPCore\ImageFilter\YSPImageFilter.h">
      <Filter>Header Files</Filter>
    </QtMoc>
    <QtMoc Include="YSPCore\YSPImageResource.h">
      <Filter>Header Files</Filter>
    </QtMoc>
    <QtMoc Include="YSPCore\YSPPlayerTypeManeger.h">
      <Filter>Header Files</Filter>
    </QtMoc>
    <QtMoc Include="YSPSPDF\YSPBackground.h">
      <Filter>Header Files</Filter>
    </QtMoc>
    <QtMoc Include="YSPSPDF\YSPSpeaking.h">
      <Filter>Header Files</Filter>
    </QtMoc>
  </ItemGroup>
  <ItemGroup>
    <QtRcc Include="Resource.qrc">
      <Filter>Resource Files</Filter>
    </QtRcc>
  </ItemGroup>
</Project>